
Microsoft Visual Studio Solution File, Format Version 12.00
# Visual Studio Version 16
VisualStudioVersion = 16.0.29926.136
MinimumVisualStudioVersion = 10.0.40219.1
Project("{FAE04EC0-301F-11D3-BF4B-00C04F79EFBC}") = "EOL", "EOL\EOL.csproj", "{4ECB6CEE-DE2D-486E-8C6F-C294F7A7E90D}"
EndProject
Global
	GlobalSection(SolutionConfigurationPlatforms) = preSolution
		Debug|Any CPU = Debug|Any CPU
		Release|Any CPU = Release|Any CPU
	EndGlobalSection
	GlobalSection(ProjectConfigurationPlatforms) = postSolution
		{4ECB6CEE-DE2D-486E-8C6F-C294F7A7E90D}.Debug|Any CPU.ActiveCfg = Debug|Any CPU
		{4ECB6CEE-DE2D-486E-8C6F-C294F7A7E90D}.Debug|Any CPU.Build.0 = Debug|Any CPU
		{4ECB6CEE-DE2D-486E-8C6F-C294F7A7E90D}.Release|Any CPU.ActiveCfg = Release|Any CPU
		{4ECB6CEE-DE2D-486E-8C6F-C294F7A7E90D}.Release|Any CPU.Build.0 = Release|Any CPU
	EndGlobalSection
	GlobalSection(SolutionProperties) = preSolution
		HideSolutionNode = FALSE
	EndGlobalSection
	GlobalSection(ExtensibilityGlobals) = postSolution
		SolutionGuid = {73113ECA-5112-4998-88AB-C5FF4F2DA9FD}
	EndGlobalSection
EndGlobal
